{
  "name": "example",
  "version": "1.0.0",
  "lockfileVersion": 1,
  "requires": true,
  "dependencies": {
    "ciphering": {
      "version": "1.0.3",
      "resolved": "https://registry.npmjs.org/ciphering/-/ciphering-1.0.3.tgz",
      "integrity": "sha512-8zVIrSuWJNfeFndkjEbbsHBgnqmcUwV+2ZaunHmOjZe47CT7z+1KK2aM3eiCVqbaTDMljNEs053lfXQUxmEC6w=="
    }
  }
}
